// !$*UTF8*$!
{
	archiveVersion = 1;
	classes = {
	};
	objectVersion = 46;
	objects = {

/* Begin PBXBuildFile section */
		BBDC4E581AB80E5C00C81D00 /* main.m in Sources */ = {isa = PBXBuildFile; fileRef = BBDC4E571AB80E5C00C81D00 /* main.m */; };
		BBDC4E5B1AB80E5C00C81D00 /* AppDelegate.m in Sources */ = {isa = PBXBuildFile; fileRef = BBDC4E5A1AB80E5C00C81D00 /* AppDelegate.m */; };
		BBDC4E5E1AB80E5C00C81D00 /* ViewController.m in Sources */ = {isa = PBXBuildFile; fileRef = BBDC4E5D1AB80E5C00C81D00 /* ViewController.m */; };
		BBDC4E611AB80E5C00C81D00 /* Main.storyboard in Resources */ = {isa = PBXBuildFile; fileRef = BBDC4E5F1AB80E5C00C81D00 /* Main.storyboard */; };
		BBDC4E631AB80E5C00C81D00 /* Images.xcassets in Resources */ = {isa = PBXBuildFile; fileRef = BBDC4E621AB80E5C00C81D00 /* Images.xcassets */; };
		BBDC4E661AB80E5C00C81D00 /* LaunchScreen.xib in Resources */ = {isa = PBXBuildFile; fileRef = BBDC4E641AB80E5C00C81D00 /* LaunchScreen.xib */; };
		BBDC4E721AB80E5C00C81D00 /* FreeIpTests.m in Sources */ = {isa = PBXBuildFile; fileRef = BBDC4E711AB80E5C00C81D00 /* FreeIpTests.m */; };
/* End PBXBuildFile section */

/* Begin PBXContainerItemProxy section */
		BBDC4E6C1AB80E5C00C81D00 /* PBXContainerItemProxy */ = {
			isa = PBXContainerItemProxy;
			containerPortal = BBDC4E4A1AB80E5C00C81D00 /* Project object */;
			proxyType = 1;
			remoteGlobalIDString = BBDC4E511AB80E5C00C81D00;
			remoteInfo = FreeIp;
		};
/* End PBXContainerItemProxy section */

/* Begin PBXFileReference section */
		BBDC4E521AB80E5C00C81D00 /* FreeIp.app */ = {isa = PBXFileReference; explicitFileType = wrapper.application; includeInIndex = 0; path = FreeIp.app; sourceTree = BUILT_PRODUCTS_DIR; };
		BBDC4E561AB80E5C00C81D00 /* Info.plist */ = {isa = PBXFileReference; lastKnownFileType = text.plist.xml; path = Info.plist; sourceTree = "<group>"; };
		BBDC4E571AB80E5C00C81D00 /* main.m */ = {isa = PBXFileReference; lastKnownFileType = sourcecode.c.objc; path = main.m; sourceTree = "<group>"; };
		BBDC4E591AB80E5C00C81D00 /* AppDelegate.h */ = {isa = PBXFileReference; lastKnownFileType = sourcecode.c.h; path = AppDelegate.h; sourceTree = "<group>"; };
		BBDC4E5A1AB80E5C00C81D00 /* AppDelegate.m */ = {isa = PBXFileReference; lastKnownFileType = sourcecode.c.objc; path = AppDelegate.m; sourceTree = "<group>"; };
		BBDC4E5C1AB80E5C00C81D00 /* ViewController.h */ = {isa = PBXFileReference; lastKnownFileType = sourcecode.c.h; path = ViewController.h; sourceTree = "<group>"; };
		BBDC4E5D1AB80E5C00C81D00 /* ViewController.m */ = {isa = PBXFileReference; lastKnownFileType = sourcecode.c.objc; path = ViewController.m; sourceTree = "<group>"; };
		BBDC4E601AB80E5C00C81D00 /* Base */ = {isa = PBXFileReference; lastKnownFileType = file.storyboard; name = Base; path = Base.lproj/Main.storyboard; sourceTree = "<group>"; };
		BBDC4E621AB80E5C00C81D00 /* Images.xcassets */ = {isa = PBXFileReference; lastKnownFileType = folder.assetcatalog; path = Images.xcassets; sourceTree = "<group>"; };
		BBDC4E651AB80E5C00C81D00 /* Base */ = {isa = PBXFileReference; lastKnownFileType = file.xib; name = Base; path = Base.lproj/LaunchScreen.xib; sourceTree = "<group>"; };
		BBDC4E6B1AB80E5C00C81D00 /* FreeIpTests.xctest */ = {isa = PBXFileReference; explicitFileType = wrapper.cfbundle; includeInIndex = 0; path = FreeIpTests.xctest; sourceTree = BUILT_PRODUCTS_DIR; };
		BBDC4E701AB80E5C00C81D00 /* Info.plist */ = {isa = PBXFileReference; lastKnownFileType = text.plist.xml; path = Info.plist; sourceTree = "<group>"; };
		BBDC4E711AB80E5C00C81D00 /* FreeIpTests.m */ = {isa = PBXFileReference; lastKnownFileType = sourcecode.c.objc; path = FreeIpTests.m; sourceTree = "<group>"; };
/* End PBXFileReference section */

/* Begin PBXFrameworksBuildPhase section */
		BBDC4E4F1AB80E5C00C81D00 /* Frameworks */ = {
			isa = PBXFrameworksBuildPhase;
			buildActionMask = 2147483647;
			files = (
			);
			runOnlyForDeploymentPostprocessing = 0;
		};
		BBDC4E681AB80E5C00C81D00 /* Frameworks */ = {
			isa = PBXFrameworksBuildPhase;
			buildActionMask = 2147483647;
			files = (
			);
			runOnlyForDeploymentPostprocessing = 0;
		};
/* End PBXFrameworksBuildPhase section */

/* Begin PBXGroup section */
		BBDC4E491AB80E5C00C81D00 = {
			isa = PBXGroup;
			children = (
				BBDC4E541AB80E5C00C81D00 /* FreeIp */,
				BBDC4E6E1AB80E5C00C81D00 /* FreeIpTests */,
				BBDC4E531AB80E5C00C81D00 /* Products */,
			);
			sourceTree = "<group>";
		};
		BBDC4E531AB80E5C00C81D00 /* Products */ = {
			isa = PBXGroup;
			children = (
				BBDC4E521AB80E5C00C81D00 /* FreeIp.app */,
				BBDC4E6B1AB80E5C00C81D00 /* FreeIpTests.xctest */,
			);
			name = Products;
			sourceTree = "<group>";
		};
		BBDC4E541AB80E5C00C81D00 /* FreeIp */ = {
			isa = PBXGroup;
			children = (
				BBDC4E591AB80E5C00C81D00 /* AppDelegate.h */,
				BBDC4E5A1AB80E5C00C81D00 /* AppDelegate.m */,
				BBDC4E5C1AB80E5C00C81D00 /* ViewController.h */,
				BBDC4E5D1AB80E5C00C81D00 /* ViewController.m */,
				BBDC4E5F1AB80E5C00C81D00 /* Main.storyboard */,
				BBDC4E621AB80E5C00C81D00 /* Images.xcassets */,
				BBDC4E641AB80E5C00C81D00 /* LaunchScreen.xib */,
				BBDC4E551AB80E5C00C81D00 /* Supporting Files */,
			);
			path = FreeIp;
			sourceTree = "<group>";
		};
		BBDC4E551AB80E5C00C81D00 /* Supporting Files */ = {
			isa = PBXGroup;
			children = (
				BBDC4E561AB80E5C00C81D00 /* Info.plist */,
				BBDC4E571AB80E5C00C81D00 /* main.m */,
			);
			name = "Supporting Files";
			sourceTree = "<group>";
		};
		BBDC4E6E1AB80E5C00C81D00 /* FreeIpTests */ = {
			isa = PBXGroup;
			children = (
				BBDC4E711AB80E5C00C81D00 /* FreeIpTests.m */,
				BBDC4E6F1AB80E5C00C81D00 /* Supporting Files */,
			);
			path = FreeIpTests;
			sourceTree = "<group>";
		};
		BBDC4E6F1AB80E5C00C81D00 /* Supporting Files */ = {
			isa = PBXGroup;
			children = (
				BBDC4E701AB80E5C00C81D00 /* Info.plist */,
			);
			name = "Supporting Files";
			sourceTree = "<group>";
		};
/* End PBXGroup section */

/* Begin PBXNativeTarget section */
		BBDC4E511AB80E5C00C81D00 /* FreeIp */ = {
			isa = PBXNativeTarget;
			buildConfigurationList = BBDC4E751AB80E5C00C81D00 /* Build configuration list for PBXNativeTarget "FreeIp" */;
			buildPhases = (
				BBDC4E4E1AB80E5C00C81D00 /* Sources */,
				BBDC4E4F1AB80E5C00C81D00 /* Frameworks */,
				BBDC4E501AB80E5C00C81D00 /* Resources */,
			);
			buildRules = (
			);
			dependencies = (
			);
			name = FreeIp;
			productName = FreeIp;
			productReference = BBDC4E521AB80E5C00C81D00 /* FreeIp.app */;
			productType = "com.apple.product-type.application";
		};
		BBDC4E6A1AB80E5C00C81D00 /* FreeIpTests */ = {
			isa = PBXNativeTarget;
			buildConfigurationList = BBDC4E781AB80E5C00C81D00 /* Build configuration list for PBXNativeTarget "FreeIpTests" */;
			buildPhases = (
				BBDC4E671AB80E5C00C81D00 /* Sources */,
				BBDC4E681AB80E5C00C81D00 /* Frameworks */,
				BBDC4E691AB80E5C00C81D00 /* Resources */,
			);
			buildRules = (
			);
			dependencies = (
				BBDC4E6D1AB80E5C00C81D00 /* PBXTargetDependency */,
			);
			name = FreeIpTests;
			productName = FreeIpTests;
			productReference = BBDC4E6B1AB80E5C00C81D00 /* FreeIpTests.xctest */;
			productType = "com.apple.product-type.bundle.unit-test";
		};
/* End PBXNativeTarget section */

/* Begin PBXProject section */
		BBDC4E4A1AB80E5C00C81D00 /* Project object */ = {
			isa = PBXProject;
			attributes = {
				LastUpgradeCheck = 0610;
				ORGANIZATIONNAME = xiazl;
				TargetAttributes = {
					BBDC4E511AB80E5C00C81D00 = {
						CreatedOnToolsVersion = 6.1;
					};
					BBDC4E6A1AB80E5C00C81D00 = {
						CreatedOnToolsVersion = 6.1;
						TestTargetID = BBDC4E511AB80E5C00C81D00;
					};
				};
			};
			buildConfigurationList = BBDC4E4D1AB80E5C00C81D00 /* Build configuration list for PBXProject "FreeIp" */;
			compatibilityVersion = "Xcode 3.2";
			developmentRegion = English;
			hasScannedForEncodings = 0;
			knownRegions = (
				en,
				Base,
			);
			mainGroup = BBDC4E491AB80E5C00C81D00;
			productRefGroup = BBDC4E531AB80E5C00C81D00 /* Products */;
			projectDirPath = "";
			projectRoot = "";
			targets = (
				BBDC4E511AB80E5C00C81D00 /* FreeIp */,
				BBDC4E6A1AB80E5C00C81D00 /* FreeIpTests */,
			);
		};
/* End PBXProject section */

/* Begin PBXResourcesBuildPhase section */
		BBDC4E501AB80E5C00C81D00 /* Resources */ = {
			isa = PBXResourcesBuildPhase;
			buildActionMask = 2147483647;
			files = (
				BBDC4E611AB80E5C00C81D00 /* Main.storyboard in Resources */,
				BBDC4E661AB80E5C00C81D00 /* LaunchScreen.xib in Resources */,
				BBDC4E631AB80E5C00C81D00 /* Images.xcassets in Resources */,
			);
			runOnlyForDeploymentPostprocessing = 0;
		};
		BBDC4E691AB80E5C00C81D00 /* Resources */ = {
			isa = PBXResourcesBuildPhase;
			buildActionMask = 2147483647;
			files = (
			);
			runOnlyForDeploymentPostprocessing = 0;
		};
/* End PBXResourcesBuildPhase section */

/* Begin PBXSourcesBuildPhase section */
		BBDC4E4E1AB80E5C00C81D00 /* Sources */ = {
			isa = PBXSourcesBuildPhase;
			buildActionMask = 2147483647;
			files = (
				BBDC4E5E1AB80E5C00C81D00 /* ViewController.m in Sources */,
				BBDC4E5B1AB80E5C00C81D00 /* AppDelegate.m in Sources */,
				BBDC4E581AB80E5C00C81D00 /* main.m in Sources */,
			);
			runOnlyForDeploymentPostprocessing = 0;
		};
		BBDC4E671AB80E5C00C81D00 /* Sources */ = {
			isa = PBXSourcesBuildPhase;
			buildActionMask = 2147483647;
			files = (
				BBDC4E721AB80E5C00C81D00 /* FreeIpTests.m in Sources */,
			);
			runOnlyForDeploymentPostprocessing = 0;
		};
/* End PBXSourcesBuildPhase section */

/* Begin PBXTargetDependency section */
		BBDC4E6D1AB80E5C00C81D00 /* PBXTargetDependency */ = {
			isa = PBXTargetDependency;
			target = BBDC4E511AB80E5C00C81D00 /* FreeIp */;
			targetProxy = BBDC4E6C1AB80E5C00C81D00 /* PBXContainerItemProxy */;
		};
/* End PBXTargetDependency section */

/* Begin PBXVariantGroup section */
		BBDC4E5F1AB80E5C00C81D00 /* Main.storyboard */ = {
			isa = PBXVariantGroup;
			children = (
				BBDC4E601AB80E5C00C81D00 /* Base */,
			);
			name = Main.storyboard;
			sourceTree = "<group>";
		};
		BBDC4E641AB80E5C00C81D00 /* LaunchScreen.xib */ = {
			isa = PBXVariantGroup;
			children = (
				BBDC4E651AB80E5C00C81D00 /* Base */,
			);
			name = LaunchScreen.xib;
			sourceTree = "<group>";
		};
/* End PBXVariantGroup section */

/* Begin XCBuildConfiguration section */
		BBDC4E731AB80E5C00C81D00 /* Debug */ = {
			isa = XCBuildConfiguration;
			buildSettings = {
				ALWAYS_SEARCH_USER_PATHS = NO;
				CLANG_CXX_LANGUAGE_STANDARD = "gnu++0x";
				CLANG_CXX_LIBRARY = "libc++";
				CLANG_ENABLE_MODULES = YES;
				CLANG_ENABLE_OBJC_ARC = YES;
				CLANG_WARN_BOOL_CONVERSION = YES;
				CLANG_WARN_CONSTANT_CONVERSION = YES;
				CLANG_WARN_DIRECT_OBJC_ISA_USAGE = YES_ERROR;
				CLANG_WARN_EMPTY_BODY = YES;
				CLANG_WARN_ENUM_CONVERSION = YES;
				CLANG_WARN_INT_CONVERSION = YES;
				CLANG_WARN_OBJC_ROOT_CLASS = YES_ERROR;
				CLANG_WARN_UNREACHABLE_CODE = YES;
				CLANG_WARN__DUPLICATE_METHOD_MATCH = YES;
				"CODE_SIGN_IDENTITY[sdk=iphoneos*]" = "iPhone Developer";
				COPY_PHASE_STRIP = NO;
				ENABLE_STRICT_OBJC_MSGSEND = YES;
				GCC_C_LANGUAGE_STANDARD = gnu99;
				GCC_DYNAMIC_NO_PIC = NO;
				GCC_OPTIMIZATION_LEVEL = 0;
				GCC_PREPROCESSOR_DEFINITIONS = (
					"DEBUG=1",
					"$(inherited)",
				);
				GCC_SYMBOLS_PRIVATE_EXTERN = NO;
				GCC_WARN_64_TO_32_BIT_CONVERSION = YES;
				GCC_WARN_ABOUT_RETURN_TYPE = YES_ERROR;
				GCC_WARN_UNDECLARED_SELECTOR = YES;
				GCC_WARN_UNINITIALIZED_AUTOS = YES_AGGRESSIVE;
				GCC_WARN_UNUSED_FUNCTION = YES;
				GCC_WARN_UNUSED_VARIABLE = YES;
				IPHONEOS_DEPLOYMENT_TARGET = 8.1;
				MTL_ENABLE_DEBUG_INFO = YES;
				ONLY_ACTIVE_ARCH = YES;
				SDKROOT = iphoneos;
				TARGETED_DEVICE_FAMILY = 2;
			};
			name = Debug;
		};
		BBDC4E741AB80E5C00C81D00 /* Release */ = {
			isa = XCBuildConfiguration;
			buildSettings = {
				ALWAYS_SEARCH_USER_PATHS = NO;
				CLANG_CXX_LANGUAGE_STANDARD = "gnu++0x";
				CLANG_CXX_LIBRARY = "libc++";
				CLANG_ENABLE_MODULES = YES;
				CLANG_ENABLE_OBJC_ARC = YES;
				CLANG_WARN_BOOL_CONVERSION = YES;
				CLANG_WARN_CONSTANT_CONVERSION = YES;
				CLANG_WARN_DIRECT_OBJC_ISA_USAGE = YES_ERROR;
				CLANG_WARN_EMPTY_BODY = YES;
				CLANG_WARN_ENUM_CONVERSION = YES;
				CLANG_WARN_INT_CONVERSION = YES;
				CLANG_WARN_OBJC_ROOT_CLASS = YES_ERROR;
				CLANG_WARN_UNREACHABLE_CODE = YES;
				CLANG_WARN__DUPLICATE_METHOD_MATCH = YES;
				"CODE_SIGN_IDENTITY[sdk=iphoneos*]" = "iPhone Developer";
				COPY_PHASE_STRIP = YES;
				ENABLE_NS_ASSERTIONS = NO;
				ENABLE_STRICT_OBJC_MSGSEND = YES;
				GCC_C_LANGUAGE_STANDARD = gnu99;
				GCC_WARN_64_TO_32_BIT_CONVERSION = YES;
				GCC_WARN_ABOUT_RETURN_TYPE = YES_ERROR;
				GCC_WARN_UNDECLARED_SELECTOR = YES;
				GCC_WARN_UNINITIALIZED_AUTOS = YES_AGGRESSIVE;
				GCC_WARN_UNUSED_FUNCTION = YES;
				GCC_WARN_UNUSED_VARIABLE = YES;
				IPHONEOS_DEPLOYMENT_TARGET = 8.1;
				MTL_ENABLE_DEBUG_INFO = NO;
				SDKROOT = iphoneos;
				TARGETED_DEVICE_FAMILY = 2;
				VALIDATE_PRODUCT = YES;
			};
			name = Release;
		};
		BBDC4E761AB80E5C00C81D00 /* Debug */ = {
			isa = XCBuildConfiguration;
			buildSettings = {
				ASSETCATALOG_COMPILER_APPICON_NAME = AppIcon;
				INFOPLIST_FILE = FreeIp/Info.plist;
				LD_RUNPATH_SEARCH_PATHS = "$(inherited) @executable_path/Frameworks";
				PRODUCT_NAME = "$(TARGET_NAME)";
			};
			name = Debug;
		};
		BBDC4E771AB80E5C00C81D00 /* Release */ = {
			isa = XCBuildConfiguration;
			buildSettings = {
				ASSETCATALOG_COMPILER_APPICON_NAME = AppIcon;
				INFOPLIST_FILE = FreeIp/Info.plist;
				LD_RUNPATH_SEARCH_PATHS = "$(inherited) @executable_path/Frameworks";
				PRODUCT_NAME = "$(TARGET_NAME)";
			};
			name = Release;
		};
		BBDC4E791AB80E5C00C81D00 /* Debug */ = {
			isa = XCBuildConfiguration;
			buildSettings = {
				BUNDLE_LOADER = "$(TEST_HOST)";
				FRAMEWORK_SEARCH_PATHS = (
					"$(SDKROOT)/Developer/Library/Frameworks",
					"$(inherited)",
				);
				GCC_PREPROCESSOR_DEFINITIONS = (
					"DEBUG=1",
					"$(inherited)",
				);
				INFOPLIST_FILE = FreeIpTests/Info.plist;
				LD_RUNPATH_SEARCH_PATHS = "$(inherited) @executable_path/Frameworks @loader_path/Frameworks";
				PRODUCT_NAME = "$(TARGET_NAME)";
				TEST_HOST = "$(BUILT_PRODUCTS_DIR)/FreeIp.app/FreeIp";
			};
			name = Debug;
		};
		BBDC4E7A1AB80E5C00C81D00 /* Release */ = {
			isa = XCBuildConfiguration;
			buildSettings = {
				BUNDLE_LOADER = "$(TEST_HOST)";
				FRAMEWORK_SEARCH_PATHS = (
					"$(SDKROOT)/Developer/Library/Frameworks",
					"$(inherited)",
				);
				INFOPLIST_FILE = FreeIpTests/Info.plist;
				LD_RUNPATH_SEARCH_PATHS = "$(inherited) @executable_path/Frameworks @loader_path/Frameworks";
				PRODUCT_NAME = "$(TARGET_NAME)";
				TEST_HOST = "$(BUILT_PRODUCTS_DIR)/FreeIp.app/FreeIp";
			};
			name = Release;
		};
/* End XCBuildConfiguration section */

/* Begin XCConfigurationList section */
		BBDC4E4D1AB80E5C00C81D00 /* Build configuration list for PBXProject "FreeIp" */ = {
			isa = XCConfigurationList;
			buildConfigurations = (
				BBDC4E731AB80E5C00C81D00 /* Debug */,
				BBDC4E741AB80E5C00C81D00 /* Release */,
			);
			defaultConfigurationIsVisible = 0;
			defaultConfigurationName = Release;
		};
		BBDC4E751AB80E5C00C81D00 /* Build configuration list for PBXNativeTarget "FreeIp" */ = {
			isa = XCConfigurationList;
			buildConfigurations = (
				BBDC4E761AB80E5C00C81D00 /* Debug */,
				BBDC4E771AB80E5C00C81D00 /* Release */,
			);
			defaultConfigurationIsVisible = 0;
		};
		BBDC4E781AB80E5C00C81D00 /* Build configuration list for PBXNativeTarget "FreeIpTests" */ = {
			isa = XCConfigurationList;
			buildConfigurations = (
				BBDC4E791AB80E5C00C81D00 /* Debug */,
				BBDC4E7A1AB80E5C00C81D00 /* Release */,
			);
			defaultConfigurationIsVisible = 0;
		};
/* End XCConfigurationList section */
	};
	rootObject = BBDC4E4A1AB80E5C00C81D00 /* Project object */;
}
